
Microsoft Visual Studio Solution File, Format Version 12.00
# Visual Studio Version 17
VisualStudioVersion = 17.2.32602.215
MinimumVisualStudioVersion = 10.0.40219.1
Project("{FAE04EC0-301F-11D3-BF4B-00C04F79EFBC}") = "Socket_Server", "Socket_Server\Socket_Server.csproj", "{6C813F2A-79ED-4E70-83A8-340125298E70}"
EndProject
Global
	GlobalSection(SolutionConfigurationPlatforms) = preSolution
		Debug|Any CPU = Debug|Any CPU
		Release|Any CPU = Release|Any CPU
	EndGlobalSection
	GlobalSection(ProjectConfigurationPlatforms) = postSolution
		{6C813F2A-79ED-4E70-83A8-340125298E70}.Debug|Any CPU.ActiveCfg = Debug|Any CPU
		{6C813F2A-79ED-4E70-83A8-340125298E70}.Debug|Any CPU.Build.0 = Debug|Any CPU
		{6C813F2A-79ED-4E70-83A8-340125298E70}.Release|Any CPU.ActiveCfg = Release|Any CPU
		{6C813F2A-79ED-4E70-83A8-340125298E70}.Release|Any CPU.Build.0 = Release|Any CPU
	EndGlobalSection
	GlobalSection(SolutionProperties) = preSolution
		HideSolutionNode = FALSE
	EndGlobalSection
	GlobalSection(ExtensibilityGlobals) = postSolution
		SolutionGuid = {49ACBB07-0463-479A-B608-EC5ADF4098CA}
	EndGlobalSection
EndGlobal
